
Microsoft Visual Studio Solution File, Format Version 12.00
# Visual Studio 15
VisualStudioVersion = 15.0.27428.2037
MinimumVisualStudioVersion = 10.0.40219.1
Project("{FAE04EC0-301F-11D3-BF4B-00C04F79EFBC}") = "Test.Core", "Test.Core\Test.Core.csproj", "{B40C7D6C-5E59-42B0-A0A3-0ED5B42484DF}"
EndProject
Project("{FAE04EC0-301F-11D3-BF4B-00C04F79EFBC}") = "Test.Droid", "Test.Droid\Test.Droid.csproj", "{177C1BAB-571C-4145-8997-51F534811F0A}"
EndProject
Global
	GlobalSection(SolutionConfigurationPlatforms) = preSolution
		Debug|Any CPU = Debug|Any CPU
		Release|Any CPU = Release|Any CPU
	EndGlobalSection
	GlobalSection(ProjectConfigurationPlatforms) = postSolution
		{B40C7D6C-5E59-42B0-A0A3-0ED5B42484DF}.Debug|Any CPU.ActiveCfg = Debug|Any CPU
		{B40C7D6C-5E59-42B0-A0A3-0ED5B42484DF}.Debug|Any CPU.Build.0 = Debug|Any CPU
		{B40C7D6C-5E59-42B0-A0A3-0ED5B42484DF}.Release|Any CPU.ActiveCfg = Release|Any CPU
		{B40C7D6C-5E59-42B0-A0A3-0ED5B42484DF}.Release|Any CPU.Build.0 = Release|Any CPU
		{177C1BAB-571C-4145-8997-51F534811F0A}.Debug|Any CPU.ActiveCfg = Debug|Any CPU
		{177C1BAB-571C-4145-8997-51F534811F0A}.Debug|Any CPU.Build.0 = Debug|Any CPU
		{177C1BAB-571C-4145-8997-51F534811F0A}.Debug|Any CPU.Deploy.0 = Debug|Any CPU
		{177C1BAB-571C-4145-8997-51F534811F0A}.Release|Any CPU.ActiveCfg = Release|Any CPU
		{177C1BAB-571C-4145-8997-51F534811F0A}.Release|Any CPU.Build.0 = Release|Any CPU
		{177C1BAB-571C-4145-8997-51F534811F0A}.Release|Any CPU.Deploy.0 = Release|Any CPU
	EndGlobalSection
	GlobalSection(SolutionProperties) = preSolution
		HideSolutionNode = FALSE
	EndGlobalSection
	GlobalSection(ExtensibilityGlobals) = postSolution
		SolutionGuid = {50935C92-8D26-48BC-AD88-21C97583C992}
	EndGlobalSection
EndGlobal
